// !$*UTF8*$!
{
	archiveVersion = 1;
	classes = {
	};
	objectVersion = 46;
	objects = {

/* Begin PBXBuildFile section */
		886CC81A1FF4CFB400533659 /* AppDelegate.swift in Sources */ = {isa = PBXBuildFile; fileRef = 886CC8191FF4CFB400533659 /* AppDelegate.swift */; };
		886CC81C1FF4CFB400533659 /* ViewController.swift in Sources */ = {isa = PBXBuildFile; fileRef = 886CC81B1FF4CFB400533659 /* ViewController.swift */; };
		886CC81E1FF4CFB400533659 /* Assets.xcassets in Resources */ = {isa = PBXBuildFile; fileRef = 886CC81D1FF4CFB400533659 /* Assets.xcassets */; };
		886CC8211FF4CFB400533659 /* Main.storyboard in Resources */ = {isa = PBXBuildFile; fileRef = 886CC81F1FF4CFB400533659 /* Main.storyboard */; };
		886CC82C1FF4CFB400533659 /* MoodProveMacAppTests.swift in Sources */ = {isa = PBXBuildFile; fileRef = 886CC82B1FF4CFB400533659 /* MoodProveMacAppTests.swift */; };
		886CC8371FF4CFB400533659 /* MoodProveMacAppUITests.swift in Sources */ = {isa = PBXBuildFile; fileRef = 886CC8361FF4CFB400533659 /* MoodProveMacAppUITests.swift */; };
/* End PBXBuildFile section */

/* Begin PBXContainerItemProxy section */
		886CC8281FF4CFB400533659 /* PBXContainerItemProxy */ = {
			isa = PBXContainerItemProxy;
			containerPortal = 886CC80E1FF4CFB400533659 /* Project object */;
			proxyType = 1;
			remoteGlobalIDString = 886CC8151FF4CFB400533659;
			remoteInfo = MoodProveMacApp;
		};
		886CC8331FF4CFB400533659 /* PBXContainerItemProxy */ = {
			isa = PBXContainerItemProxy;
			containerPortal = 886CC80E1FF4CFB400533659 /* Project object */;
			proxyType = 1;
			remoteGlobalIDString = 886CC8151FF4CFB400533659;
			remoteInfo = MoodProveMacApp;
		};
/* End PBXContainerItemProxy section */

/* Begin PBXFileReference section */
		886CC8161FF4CFB400533659 /* MoodProveMacApp.app */ = {isa = PBXFileReference; explicitFileType = wrapper.application; includeInIndex = 0; path = MoodProveMacApp.app; sourceTree = BUILT_PRODUCTS_DIR; };
		886CC8191FF4CFB400533659 /* AppDelegate.swift */ = {isa = PBXFileReference; lastKnownFileType = sourcecode.swift; path = AppDelegate.swift; sourceTree = "<group>"; };
		886CC81B1FF4CFB400533659 /* ViewController.swift */ = {isa = PBXFileReference; lastKnownFileType = sourcecode.swift; path = ViewController.swift; sourceTree = "<group>"; };
		886CC81D1FF4CFB400533659 /* Assets.xcassets */ = {isa = PBXFileReference; lastKnownFileType = folder.assetcatalog; path = Assets.xcassets; sourceTree = "<group>"; };
		886CC8201FF4CFB400533659 /* Base */ = {isa = PBXFileReference; lastKnownFileType = file.storyboard; name = Base; path = Base.lproj/Main.storyboard; sourceTree = "<group>"; };
		886CC8221FF4CFB400533659 /* Info.plist */ = {isa = PBXFileReference; lastKnownFileType = text.plist.xml; path = Info.plist; sourceTree = "<group>"; };
		886CC8271FF4CFB400533659 /* MoodProveMacAppTests.xctest */ = {isa = PBXFileReference; explicitFileType = wrapper.cfbundle; includeInIndex = 0; path = MoodProveMacAppTests.xctest; sourceTree = BUILT_PRODUCTS_DIR; };
		886CC82B1FF4CFB400533659 /* MoodProveMacAppTests.swift */ = {isa = PBXFileReference; lastKnownFileType = sourcecode.swift; path = MoodProveMacAppTests.swift; sourceTree = "<group>"; };
		886CC82D1FF4CFB400533659 /* Info.plist */ = {isa = PBXFileReference; lastKnownFileType = text.plist.xml; path = Info.plist; sourceTree = "<group>"; };
		886CC8321FF4CFB400533659 /* MoodProveMacAppUITests.xctest */ = {isa = PBXFileReference; explicitFileType = wrapper.cfbundle; includeInIndex = 0; path = MoodProveMacAppUITests.xctest; sourceTree = BUILT_PRODUCTS_DIR; };
		886CC8361FF4CFB400533659 /* MoodProveMacAppUITests.swift */ = {isa = PBXFileReference; lastKnownFileType = sourcecode.swift; path = MoodProveMacAppUITests.swift; sourceTree = "<group>"; };
		886CC8381FF4CFB400533659 /* Info.plist */ = {isa = PBXFileReference; lastKnownFileType = text.plist.xml; path = Info.plist; sourceTree = "<group>"; };
/* End PBXFileReference section */

/* Begin PBXFrameworksBuildPhase section */
		886CC8131FF4CFB400533659 /* Frameworks */ = {
			isa = PBXFrameworksBuildPhase;
			buildActionMask = 2147483647;
			files = (
			);
			runOnlyForDeploymentPostprocessing = 0;
		};
		886CC8241FF4CFB400533659 /* Frameworks */ = {
			isa = PBXFrameworksBuildPhase;
			buildActionMask = 2147483647;
			files = (
			);
			runOnlyForDeploymentPostprocessing = 0;
		};
		886CC82F1FF4CFB400533659 /* Frameworks */ = {
			isa = PBXFrameworksBuildPhase;
			buildActionMask = 2147483647;
			files = (
			);
			runOnlyForDeploymentPostprocessing = 0;
		};
/* End PBXFrameworksBuildPhase section */

/* Begin PBXGroup section */
		886CC80D1FF4CFB400533659 = {
			isa = PBXGroup;
			children = (
				886CC8181FF4CFB400533659 /* MoodProveMacApp */,
				886CC82A1FF4CFB400533659 /* MoodProveMacAppTests */,
				886CC8351FF4CFB400533659 /* MoodProveMacAppUITests */,
				886CC8171FF4CFB400533659 /* Products */,
			);
			sourceTree = "<group>";
		};
		886CC8171FF4CFB400533659 /* Products */ = {
			isa = PBXGroup;
			children = (
				886CC8161FF4CFB400533659 /* MoodProveMacApp.app */,
				886CC8271FF4CFB400533659 /* MoodProveMacAppTests.xctest */,
				886CC8321FF4CFB400533659 /* MoodProveMacAppUITests.xctest */,
			);
			name = Products;
			sourceTree = "<group>";
		};
		886CC8181FF4CFB400533659 /* MoodProveMacApp */ = {
			isa = PBXGroup;
			children = (
				886CC8191FF4CFB400533659 /* AppDelegate.swift */,
				886CC81B1FF4CFB400533659 /* ViewController.swift */,
				886CC81D1FF4CFB400533659 /* Assets.xcassets */,
				886CC81F1FF4CFB400533659 /* Main.storyboard */,
				886CC8221FF4CFB400533659 /* Info.plist */,
			);
			path = MoodProveMacApp;
			sourceTree = "<group>";
		};
		886CC82A1FF4CFB400533659 /* MoodProveMacAppTests */ = {
			isa = PBXGroup;
			children = (
				886CC82B1FF4CFB400533659 /* MoodProveMacAppTests.swift */,
				886CC82D1FF4CFB400533659 /* Info.plist */,
			);
			path = MoodProveMacAppTests;
			sourceTree = "<group>";
		};
		886CC8351FF4CFB400533659 /* MoodProveMacAppUITests */ = {
			isa = PBXGroup;
			children = (
				886CC8361FF4CFB400533659 /* MoodProveMacAppUITests.swift */,
				886CC8381FF4CFB400533659 /* Info.plist */,
			);
			path = MoodProveMacAppUITests;
			sourceTree = "<group>";
		};
/* End PBXGroup section */

/* Begin PBXNativeTarget section */
		886CC8151FF4CFB400533659 /* MoodProveMacApp */ = {
			isa = PBXNativeTarget;
			buildConfigurationList = 886CC83B1FF4CFB400533659 /* Build configuration list for PBXNativeTarget "MoodProveMacApp" */;
			buildPhases = (
				886CC8121FF4CFB400533659 /* Sources */,
				886CC8131FF4CFB400533659 /* Frameworks */,
				886CC8141FF4CFB400533659 /* Resources */,
			);
			buildRules = (
			);
			dependencies = (
			);
			name = MoodProveMacApp;
			productName = MoodProveMacApp;
			productReference = 886CC8161FF4CFB400533659 /* MoodProveMacApp.app */;
			productType = "com.apple.product-type.application";
		};
		886CC8261FF4CFB400533659 /* MoodProveMacAppTests */ = {
			isa = PBXNativeTarget;
			buildConfigurationList = 886CC83E1FF4CFB400533659 /* Build configuration list for PBXNativeTarget "MoodProveMacAppTests" */;
			buildPhases = (
				886CC8231FF4CFB400533659 /* Sources */,
				886CC8241FF4CFB400533659 /* Frameworks */,
				886CC8251FF4CFB400533659 /* Resources */,
			);
			buildRules = (
			);
			dependencies = (
				886CC8291FF4CFB400533659 /* PBXTargetDependency */,
			);
			name = MoodProveMacAppTests;
			productName = MoodProveMacAppTests;
			productReference = 886CC8271FF4CFB400533659 /* MoodProveMacAppTests.xctest */;
			productType = "com.apple.product-type.bundle.unit-test";
		};
		886CC8311FF4CFB400533659 /* MoodProveMacAppUITests */ = {
			isa = PBXNativeTarget;
			buildConfigurationList = 886CC8411FF4CFB400533659 /* Build configuration list for PBXNativeTarget "MoodProveMacAppUITests" */;
			buildPhases = (
				886CC82E1FF4CFB400533659 /* Sources */,
				886CC82F1FF4CFB400533659 /* Frameworks */,
				886CC8301FF4CFB400533659 /* Resources */,
			);
			buildRules = (
			);
			dependencies = (
				886CC8341FF4CFB400533659 /* PBXTargetDependency */,
			);
			name = MoodProveMacAppUITests;
			productName = MoodProveMacAppUITests;
			productReference = 886CC8321FF4CFB400533659 /* MoodProveMacAppUITests.xctest */;
			productType = "com.apple.product-type.bundle.ui-testing";
		};
/* End PBXNativeTarget section */

/* Begin PBXProject section */
		886CC80E1FF4CFB400533659 /* Project object */ = {
			isa = PBXProject;
			attributes = {
				LastSwiftUpdateCheck = 0820;
				LastUpgradeCheck = 0820;
				ORGANIZATIONNAME = "Malik Graham";
				TargetAttributes = {
					886CC8151FF4CFB400533659 = {
						CreatedOnToolsVersion = 8.2.1;
						ProvisioningStyle = Automatic;
					};
					886CC8261FF4CFB400533659 = {
						CreatedOnToolsVersion = 8.2.1;
						ProvisioningStyle = Automatic;
						TestTargetID = 886CC8151FF4CFB400533659;
					};
					886CC8311FF4CFB400533659 = {
						CreatedOnToolsVersion = 8.2.1;
						ProvisioningStyle = Automatic;
						TestTargetID = 886CC8151FF4CFB400533659;
					};
				};
			};
			buildConfigurationList = 886CC8111FF4CFB400533659 /* Build configuration list for PBXProject "MoodProveMacApp" */;
			compatibilityVersion = "Xcode 3.2";
			developmentRegion = English;
			hasScannedForEncodings = 0;
			knownRegions = (
				en,
				Base,
			);
			mainGroup = 886CC80D1FF4CFB400533659;
			productRefGroup = 886CC8171FF4CFB400533659 /* Products */;
			projectDirPath = "";
			projectRoot = "";
			targets = (
				886CC8151FF4CFB400533659 /* MoodProveMacApp */,
				886CC8261FF4CFB400533659 /* MoodProveMacAppTests */,
				886CC8311FF4CFB400533659 /* MoodProveMacAppUITests */,
			);
		};
/* End PBXProject section */

/* Begin PBXResourcesBuildPhase section */
		886CC8141FF4CFB400533659 /* Resources */ = {
			isa = PBXResourcesBuildPhase;
			buildActionMask = 2147483647;
			files = (
				886CC81E1FF4CFB400533659 /* Assets.xcassets in Resources */,
				886CC8211FF4CFB400533659 /* Main.storyboard in Resources */,
			);
			runOnlyForDeploymentPostprocessing = 0;
		};
		886CC8251FF4CFB400533659 /* Resources */ = {
			isa = PBXResourcesBuildPhase;
			buildActionMask = 2147483647;
			files = (
			);
			runOnlyForDeploymentPostprocessing = 0;
		};
		886CC8301FF4CFB400533659 /* Resources */ = {
			isa = PBXResourcesBuildPhase;
			buildActionMask = 2147483647;
			files = (
			);
			runOnlyForDeploymentPostprocessing = 0;
		};
/* End PBXResourcesBuildPhase section */

/* Begin PBXSourcesBuildPhase section */
		886CC8121FF4CFB400533659 /* Sources */ = {
			isa = PBXSourcesBuildPhase;
			buildActionMask = 2147483647;
			files = (
				886CC81C1FF4CFB400533659 /* ViewController.swift in Sources */,
				886CC81A1FF4CFB400533659 /* AppDelegate.swift in Sources */,
			);
			runOnlyForDeploymentPostprocessing = 0;
		};
		886CC8231FF4CFB400533659 /* Sources */ = {
			isa = PBXSourcesBuildPhase;
			buildActionMask = 2147483647;
			files = (
				886CC82C1FF4CFB400533659 /* MoodProveMacAppTests.swift in Sources */,
			);
			runOnlyForDeploymentPostprocessing = 0;
		};
		886CC82E1FF4CFB400533659 /* Sources */ = {
			isa = PBXSourcesBuildPhase;
			buildActionMask = 2147483647;
			files = (
				886CC8371FF4CFB400533659 /* MoodProveMacAppUITests.swift in Sources */,
			);
			runOnlyForDeploymentPostprocessing = 0;
		};
/* End PBXSourcesBuildPhase section */

/* Begin PBXTargetDependency section */
		886CC8291FF4CFB400533659 /* PBXTargetDependency */ = {
			isa = PBXTargetDependency;
			target = 886CC8151FF4CFB400533659 /* MoodProveMacApp */;
			targetProxy = 886CC8281FF4CFB400533659 /* PBXContainerItemProxy */;
		};
		886CC8341FF4CFB400533659 /* PBXTargetDependency */ = {
			isa = PBXTargetDependency;
			target = 886CC8151FF4CFB400533659 /* MoodProveMacApp */;
			targetProxy = 886CC8331FF4CFB400533659 /* PBXContainerItemProxy */;
		};
/* End PBXTargetDependency section */

/* Begin PBXVariantGroup section */
		886CC81F1FF4CFB400533659 /* Main.storyboard */ = {
			isa = PBXVariantGroup;
			children = (
				886CC8201FF4CFB400533659 /* Base */,
			);
			name = Main.storyboard;
			sourceTree = "<group>";
		};
/* End PBXVariantGroup section */

/* Begin XCBuildConfiguration section */
		886CC8391FF4CFB400533659 /* Debug */ = {
			isa = XCBuildConfiguration;
			buildSettings = {
				ALWAYS_SEARCH_USER_PATHS = NO;
				CLANG_ANALYZER_NONNULL = YES;
				CLANG_CXX_LANGUAGE_STANDARD = "gnu++0x";
				CLANG_CXX_LIBRARY = "libc++";
				CLANG_ENABLE_MODULES = YES;
				CLANG_ENABLE_OBJC_ARC = YES;
				CLANG_WARN_BOOL_CONVERSION = YES;
				CLANG_WARN_CONSTANT_CONVERSION = YES;
				CLANG_WARN_DIRECT_OBJC_ISA_USAGE = YES_ERROR;
				CLANG_WARN_DOCUMENTATION_COMMENTS = YES;
				CLANG_WARN_EMPTY_BODY = YES;
				CLANG_WARN_ENUM_CONVERSION = YES;
				CLANG_WARN_INFINITE_RECURSION = YES;
				CLANG_WARN_INT_CONVERSION = YES;
				CLANG_WARN_OBJC_ROOT_CLASS = YES_ERROR;
				CLANG_WARN_SUSPICIOUS_MOVE = YES;
				CLANG_WARN_UNREACHABLE_CODE = YES;
				CLANG_WARN__DUPLICATE_METHOD_MATCH = YES;
				CODE_SIGN_IDENTITY = "-";
				COPY_PHASE_STRIP = NO;
				DEBUG_INFORMATION_FORMAT = dwarf;
				ENABLE_STRICT_OBJC_MSGSEND = YES;
				ENABLE_TESTABILITY = YES;
				GCC_C_LANGUAGE_STANDARD = gnu99;
				GCC_DYNAMIC_NO_PIC = NO;
				GCC_NO_COMMON_BLOCKS = YES;
				GCC_OPTIMIZATION_LEVEL = 0;
				GCC_PREPROCESSOR_DEFINITIONS = (
					"DEBUG=1",
					"$(inherited)",
				);
				GCC_WARN_64_TO_32_BIT_CONVERSION = YES;
				GCC_WARN_ABOUT_RETURN_TYPE = YES_ERROR;
				GCC_WARN_UNDECLARED_SELECTOR = YES;
				GCC_WARN_UNINITIALIZED_AUTOS = YES_AGGRESSIVE;
				GCC_WARN_UNUSED_FUNCTION = YES;
				GCC_WARN_UNUSED_VARIABLE = YES;
				MACOSX_DEPLOYMENT_TARGET = 10.11;
				MTL_ENABLE_DEBUG_INFO = YES;
				ONLY_ACTIVE_ARCH = YES;
				SDKROOT = macosx;
				SWIFT_ACTIVE_COMPILATION_CONDITIONS = DEBUG;
				SWIFT_OPTIMIZATION_LEVEL = "-Onone";
			};
			name = Debug;
		};
		886CC83A1FF4CFB400533659 /* Release */ = {
			isa = XCBuildConfiguration;
			buildSettings = {
				ALWAYS_SEARCH_USER_PATHS = NO;
				CLANG_ANALYZER_NONNULL = YES;
				CLANG_CXX_LANGUAGE_STANDARD = "gnu++0x";
				CLANG_CXX_LIBRARY = "libc++";
				CLANG_ENABLE_MODULES = YES;
				CLANG_ENABLE_OBJC_ARC = YES;
				CLANG_WARN_BOOL_CONVERSION = YES;
				CLANG_WARN_CONSTANT_CONVERSION = YES;
				CLANG_WARN_DIRECT_OBJC_ISA_USAGE = YES_ERROR;
				CLANG_WARN_DOCUMENTATION_COMMENTS = YES;
				CLANG_WARN_EMPTY_BODY = YES;
				CLANG_WARN_ENUM_CONVERSION = YES;
				CLANG_WARN_INFINITE_RECURSION = YES;
				CLANG_WARN_INT_CONVERSION = YES;
				CLANG_WARN_OBJC_ROOT_CLASS = YES_ERROR;
				CLANG_WARN_SUSPICIOUS_MOVE = YES;
				CLANG_WARN_UNREACHABLE_CODE = YES;
				CLANG_WARN__DUPLICATE_METHOD_MATCH = YES;
				CODE_SIGN_IDENTITY = "-";
				COPY_PHASE_STRIP = NO;
				DEBUG_INFORMATION_FORMAT = "dwarf-with-dsym";
				ENABLE_NS_ASSERTIONS = NO;
				ENABLE_STRICT_OBJC_MSGSEND = YES;
				GCC_C_LANGUAGE_STANDARD = gnu99;
				GCC_NO_COMMON_BLOCKS = YES;
				GCC_WARN_64_TO_32_BIT_CONVERSION = YES;
				GCC_WARN_ABOUT_RETURN_TYPE = YES_ERROR;
				GCC_WARN_UNDECLARED_SELECTOR = YES;
				GCC_WARN_UNINITIALIZED_AUTOS = YES_AGGRESSIVE;
				GCC_WARN_UNUSED_FUNCTION = YES;
				GCC_WARN_UNUSED_VARIABLE = YES;
				MACOSX_DEPLOYMENT_TARGET = 10.11;
				MTL_ENABLE_DEBUG_INFO = NO;
				SDKROOT = macosx;
				SWIFT_OPTIMIZATION_LEVEL = "-Owholemodule";
			};
			name = Release;
		};
		886CC83C1FF4CFB400533659 /* Debug */ = {
			isa = XCBuildConfiguration;
			buildSettings = {
				ASSETCATALOG_COMPILER_APPICON_NAME = AppIcon;
				COMBINE_HIDPI_IMAGES = YES;
				INFOPLIST_FILE = MoodProveMacApp/Info.plist;
				LD_RUNPATH_SEARCH_PATHS = "$(inherited) @executable_path/../Frameworks";
				PRODUCT_BUNDLE_IDENTIFIER = Lawrence.MoodProveMacApp;
				PRODUCT_NAME = "$(TARGET_NAME)";
				SWIFT_VERSION = 3.0;
			};
			name = Debug;
		};
		886CC83D1FF4CFB400533659 /* Release */ = {
			isa = XCBuildConfiguration;
			buildSettings = {
				ASSETCATALOG_COMPILER_APPICON_NAME = AppIcon;
				COMBINE_HIDPI_IMAGES = YES;
				INFOPLIST_FILE = MoodProveMacApp/Info.plist;
				LD_RUNPATH_SEARCH_PATHS = "$(inherited) @executable_path/../Frameworks";
				PRODUCT_BUNDLE_IDENTIFIER = Lawrence.MoodProveMacApp;
				PRODUCT_NAME = "$(TARGET_NAME)";
				SWIFT_VERSION = 3.0;
			};
			name = Release;
		};
		886CC83F1FF4CFB400533659 /* Debug */ = {
			isa = XCBuildConfiguration;
			buildSettings = {
				ALWAYS_EMBED_SWIFT_STANDARD_LIBRARIES = YES;
				BUNDLE_LOADER = "$(TEST_HOST)";
				COMBINE_HIDPI_IMAGES = YES;
				INFOPLIST_FILE = MoodProveMacAppTests/Info.plist;
				LD_RUNPATH_SEARCH_PATHS = "$(inherited) @executable_path/../Frameworks @loader_path/../Frameworks";
				PRODUCT_BUNDLE_IDENTIFIER = Lawrence.MoodProveMacAppTests;
				PRODUCT_NAME = "$(TARGET_NAME)";
				SWIFT_VERSION = 3.0;
				TEST_HOST = "$(BUILT_PRODUCTS_DIR)/MoodProveMacApp.app/Contents/MacOS/MoodProveMacApp";
			};
			name = Debug;
		};
		886CC8401FF4CFB400533659 /* Release */ = {
			isa = XCBuildConfiguration;
			buildSettings = {
				ALWAYS_EMBED_SWIFT_STANDARD_LIBRARIES = YES;
				BUNDLE_LOADER = "$(TEST_HOST)";
				COMBINE_HIDPI_IMAGES = YES;
				INFOPLIST_FILE = MoodProveMacAppTests/Info.plist;
				LD_RUNPATH_SEARCH_PATHS = "$(inherited) @executable_path/../Frameworks @loader_path/../Frameworks";
				PRODUCT_BUNDLE_IDENTIFIER = Lawrence.MoodProveMacAppTests;
				PRODUCT_NAME = "$(TARGET_NAME)";
				SWIFT_VERSION = 3.0;
				TEST_HOST = "$(BUILT_PRODUCTS_DIR)/MoodProveMacApp.app/Contents/MacOS/MoodProveMacApp";
			};
			name = Release;
		};
		886CC8421FF4CFB400533659 /* Debug */ = {
			isa = XCBuildConfiguration;
			buildSettings = {
				ALWAYS_EMBED_SWIFT_STANDARD_LIBRARIES = YES;
				COMBINE_HIDPI_IMAGES = YES;
				INFOPLIST_FILE = MoodProveMacAppUITests/Info.plist;
				LD_RUNPATH_SEARCH_PATHS = "$(inherited) @executable_path/../Frameworks @loader_path/../Frameworks";
				PRODUCT_BUNDLE_IDENTIFIER = Lawrence.MoodProveMacAppUITests;
				PRODUCT_NAME = "$(TARGET_NAME)";
				SWIFT_VERSION = 3.0;
				TEST_TARGET_NAME = MoodProveMacApp;
			};
			name = Debug;
		};
		886CC8431FF4CFB400533659 /* Release */ = {
			isa = XCBuildConfiguration;
			buildSettings = {
				ALWAYS_EMBED_SWIFT_STANDARD_LIBRARIES = YES;
				COMBINE_HIDPI_IMAGES = YES;
				INFOPLIST_FILE = MoodProveMacAppUITests/Info.plist;
				LD_RUNPATH_SEARCH_PATHS = "$(inherited) @executable_path/../Frameworks @loader_path/../Frameworks";
				PRODUCT_BUNDLE_IDENTIFIER = Lawrence.MoodProveMacAppUITests;
				PRODUCT_NAME = "$(TARGET_NAME)";
				SWIFT_VERSION = 3.0;
				TEST_TARGET_NAME = MoodProveMacApp;
			};
			name = Release;
		};
/* End XCBuildConfiguration section */

/* Begin XCConfigurationList section */
		886CC8111FF4CFB400533659 /* Build configuration list for PBXProject "MoodProveMacApp" */ = {
			isa = XCConfigurationList;
			buildConfigurations = (
				886CC8391FF4CFB400533659 /* Debug */,
				886CC83A1FF4CFB400533659 /* Release */,
			);
			defaultConfigurationIsVisible = 0;
			defaultConfigurationName = Release;
		};
		886CC83B1FF4CFB400533659 /* Build configuration list for PBXNativeTarget "MoodProveMacApp" */ = {
			isa = XCConfigurationList;
			buildConfigurations = (
				886CC83C1FF4CFB400533659 /* Debug */,
				886CC83D1FF4CFB400533659 /* Release */,
			);
			defaultConfigurationIsVisible = 0;
		};
		886CC83E1FF4CFB400533659 /* Build configuration list for PBXNativeTarget "MoodProveMacAppTests" */ = {
			isa = XCConfigurationList;
			buildConfigurations = (
				886CC83F1FF4CFB400533659 /* Debug */,
				886CC8401FF4CFB400533659 /* Release */,
			);
			defaultConfigurationIsVisible = 0;
		};
		886CC8411FF4CFB400533659 /* Build configuration list for PBXNativeTarget "MoodProveMacAppUITests" */ = {
			isa = XCConfigurationList;
			buildConfigurations = (
				886CC8421FF4CFB400533659 /* Debug */,
				886CC8431FF4CFB400533659 /* Release */,
			);
			defaultConfigurationIsVisible = 0;
		};
/* End XCConfigurationList section */
	};
	rootObject = 886CC80E1FF4CFB400533659 /* Project object */;
}
